
Microsoft Visual Studio Solution File, Format Version 12.00
# Visual Studio Version 17
VisualStudioVersion = 17.6.33815.320
MinimumVisualStudioVersion = 10.0.40219.1
Project("{FAE04EC0-301F-11D3-BF4B-00C04F79EFBC}") = "CodePractice", "CodePractice\CodePractice.csproj", "{88ABA6FB-1034-4E29-B242-624D7BFAEC96}"
EndProject
Global
	GlobalSection(SolutionConfigurationPlatforms) = preSolution
		Debug|Any CPU = Debug|Any CPU
		Release|Any CPU = Release|Any CPU
	EndGlobalSection
	GlobalSection(ProjectConfigurationPlatforms) = postSolution
		{88ABA6FB-1034-4E29-B242-624D7BFAEC96}.Debug|Any CPU.ActiveCfg = Debug|Any CPU
		{88ABA6FB-1034-4E29-B242-624D7BFAEC96}.Debug|Any CPU.Build.0 = Debug|Any CPU
		{88ABA6FB-1034-4E29-B242-624D7BFAEC96}.Release|Any CPU.ActiveCfg = Release|Any CPU
		{88ABA6FB-1034-4E29-B242-624D7BFAEC96}.Release|Any CPU.Build.0 = Release|Any CPU
	EndGlobalSection
	GlobalSection(SolutionProperties) = preSolution
		HideSolutionNode = FALSE
	EndGlobalSection
	GlobalSection(ExtensibilityGlobals) = postSolution
		SolutionGuid = {757DE4FE-971D-4812-B28E-EBD28FBE274C}
	EndGlobalSection
EndGlobal
